
Microsoft Visual Studio Solution File, Format Version 12.00
# Visual Studio Version 17
VisualStudioVersion = 17.4.33213.308
MinimumVisualStudioVersion = 10.0.40219.1
Project("{FAE04EC0-301F-11D3-BF4B-00C04F79EFBC}") = "mis-42-assignment-2-jquery-and-ajax-SeanBurkard", "mis-42-assignment-2-jquery-and-ajax-SeanBurkard\mis-42-assignment-2-jquery-and-ajax-SeanBurkard.csproj", "{72CCC192-7AA2-4563-B25A-9F294279D377}"
EndProject
Global
	GlobalSection(SolutionConfigurationPlatforms) = preSolution
		Debug|Any CPU = Debug|Any CPU
		Release|Any CPU = Release|Any CPU
	EndGlobalSection
	GlobalSection(ProjectConfigurationPlatforms) = postSolution
		{72CCC192-7AA2-4563-B25A-9F294279D377}.Debug|Any CPU.ActiveCfg = Debug|Any CPU
		{72CCC192-7AA2-4563-B25A-9F294279D377}.Debug|Any CPU.Build.0 = Debug|Any CPU
		{72CCC192-7AA2-4563-B25A-9F294279D377}.Release|Any CPU.ActiveCfg = Release|Any CPU
		{72CCC192-7AA2-4563-B25A-9F294279D377}.Release|Any CPU.Build.0 = Release|Any CPU
	EndGlobalSection
	GlobalSection(SolutionProperties) = preSolution
		HideSolutionNode = FALSE
	EndGlobalSection
	GlobalSection(ExtensibilityGlobals) = postSolution
		SolutionGuid = {3D88E64B-BA11-4DD9-8953-40FE2BD4B95D}
	EndGlobalSection
EndGlobal
